
Microsoft Visual Studio Solution File, Format Version 12.00
# Visual Studio Version 17
VisualStudioVersion = 17.5.002.0
MinimumVisualStudioVersion = 10.0.40219.1
Project("{9A19103F-16F7-4668-BE54-9A1E7A4F7556}") = "challenges", "challenges.csproj", "{E9555184-2C4E-4B59-8264-A5555A6A9B2F}"
EndProject
Global
	GlobalSection(SolutionConfigurationPlatforms) = preSolution
		Debug|Any CPU = Debug|Any CPU
		Release|Any CPU = Release|Any CPU
	EndGlobalSection
	GlobalSection(ProjectConfigurationPlatforms) = postSolution
		{E9555184-2C4E-4B59-8264-A5555A6A9B2F}.Debug|Any CPU.ActiveCfg = Debug|Any CPU
		{E9555184-2C4E-4B59-8264-A5555A6A9B2F}.Debug|Any CPU.Build.0 = Debug|Any CPU
		{E9555184-2C4E-4B59-8264-A5555A6A9B2F}.Release|Any CPU.ActiveCfg = Release|Any CPU
		{E9555184-2C4E-4B59-8264-A5555A6A9B2F}.Release|Any CPU.Build.0 = Release|Any CPU
	EndGlobalSection
	GlobalSection(SolutionProperties) = preSolution
		HideSolutionNode = FALSE
	EndGlobalSection
	GlobalSection(ExtensibilityGlobals) = postSolution
		SolutionGuid = {3F500471-6E9C-4EE2-9AC4-4598558BDF3F}
	EndGlobalSection
EndGlobal
